
Microsoft Visual Studio Solution File, Format Version 12.00
# Visual Studio Version 17
VisualStudioVersion = 17.10.34818.151
MinimumVisualStudioVersion = 10.0.40219.1
Project("{FAE04EC0-301F-11D3-BF4B-00C04F79EFBC}") = "DAL", "DAL\DAL.csproj", "{3AE46419-6983-4626-B804-1350D816A73A}"
EndProject
Global
	GlobalSection(SolutionConfigurationPlatforms) = preSolution
		Debug|Any CPU = Debug|Any CPU
		Release|Any CPU = Release|Any CPU
	EndGlobalSection
	GlobalSection(ProjectConfigurationPlatforms) = postSolution
		{3AE46419-6983-4626-B804-1350D816A73A}.Debug|Any CPU.ActiveCfg = Debug|Any CPU
		{3AE46419-6983-4626-B804-1350D816A73A}.Debug|Any CPU.Build.0 = Debug|Any CPU
		{3AE46419-6983-4626-B804-1350D816A73A}.Release|Any CPU.ActiveCfg = Release|Any CPU
		{3AE46419-6983-4626-B804-1350D816A73A}.Release|Any CPU.Build.0 = Release|Any CPU
	EndGlobalSection
	GlobalSection(SolutionProperties) = preSolution
		HideSolutionNode = FALSE
	EndGlobalSection
	GlobalSection(ExtensibilityGlobals) = postSolution
		SolutionGuid = {85F9D0E3-F779-4A42-9904-E7EDFBF2CB86}
	EndGlobalSection
EndGlobal
