
Microsoft Visual Studio Solution File, Format Version 12.00
# Visual Studio Version 17
VisualStudioVersion = 17.10.34818.151
MinimumVisualStudioVersion = 10.0.40219.1
Project("{FAE04EC0-301F-11D3-BF4B-00C04F79EFBC}") = "Candelf", "Candelf\Candelf.csproj", "{72CEC272-2110-468E-B3A3-D40DBDE8A23E}"
EndProject
Global
	GlobalSection(SolutionConfigurationPlatforms) = preSolution
		Debug|Any CPU = Debug|Any CPU
		Release|Any CPU = Release|Any CPU
	EndGlobalSection
	GlobalSection(ProjectConfigurationPlatforms) = postSolution
		{72CEC272-2110-468E-B3A3-D40DBDE8A23E}.Debug|Any CPU.ActiveCfg = Debug|Any CPU
		{72CEC272-2110-468E-B3A3-D40DBDE8A23E}.Debug|Any CPU.Build.0 = Debug|Any CPU
		{72CEC272-2110-468E-B3A3-D40DBDE8A23E}.Release|Any CPU.ActiveCfg = Release|Any CPU
		{72CEC272-2110-468E-B3A3-D40DBDE8A23E}.Release|Any CPU.Build.0 = Release|Any CPU
	EndGlobalSection
	GlobalSection(SolutionProperties) = preSolution
		HideSolutionNode = FALSE
	EndGlobalSection
	GlobalSection(ExtensibilityGlobals) = postSolution
		SolutionGuid = {6F2D8849-93A0-4004-946A-9A73F2B53EFC}
	EndGlobalSection
EndGlobal
