
Microsoft Visual Studio Solution File, Format Version 12.00
# Visual Studio Version 17
VisualStudioVersion = 17.10.34825.169
MinimumVisualStudioVersion = 10.0.40219.1
Project("{FAE04EC0-301F-11D3-BF4B-00C04F79EFBC}") = "ServiceLayer", "ServiceLayer\ServiceLayer.csproj", "{F8ABFD1F-EE35-4AF0-A37E-1F38E27321D5}"
EndProject
Global
	GlobalSection(SolutionConfigurationPlatforms) = preSolution
		Debug|Any CPU = Debug|Any CPU
		Release|Any CPU = Release|Any CPU
	EndGlobalSection
	GlobalSection(ProjectConfigurationPlatforms) = postSolution
		{F8ABFD1F-EE35-4AF0-A37E-1F38E27321D5}.Debug|Any CPU.ActiveCfg = Debug|Any CPU
		{F8ABFD1F-EE35-4AF0-A37E-1F38E27321D5}.Debug|Any CPU.Build.0 = Debug|Any CPU
		{F8ABFD1F-EE35-4AF0-A37E-1F38E27321D5}.Release|Any CPU.ActiveCfg = Release|Any CPU
		{F8ABFD1F-EE35-4AF0-A37E-1F38E27321D5}.Release|Any CPU.Build.0 = Release|Any CPU
	EndGlobalSection
	GlobalSection(SolutionProperties) = preSolution
		HideSolutionNode = FALSE
	EndGlobalSection
	GlobalSection(ExtensibilityGlobals) = postSolution
		SolutionGuid = {17D6A7DC-9954-4EDD-8017-B3BA4EA91407}
	EndGlobalSection
EndGlobal
